
Microsoft Visual Studio Solution File, Format Version 12.00
# Visual Studio Version 16
VisualStudioVersion = 16.0.31613.86
MinimumVisualStudioVersion = 10.0.40219.1
Project("{9A19103F-16F7-4668-BE54-9A1E7A4F7556}") = "APP", "BetoAPP\APP.csproj", "{2E726B33-C37C-4AE9-83E8-C787BABCC8B4}"
EndProject
Project("{9A19103F-16F7-4668-BE54-9A1E7A4F7556}") = "Entidade", "Entidades\Entidade.csproj", "{65EEB28B-2C42-41F1-A49A-9C41CD470721}"
EndProject
Project("{9A19103F-16F7-4668-BE54-9A1E7A4F7556}") = "Repositorio", "Repositorio\Repositorio.csproj", "{8DF671DA-04FD-4C8F-82C4-2BC77350D7D5}"
EndProject
Project("{9A19103F-16F7-4668-BE54-9A1E7A4F7556}") = "Negocio", "Negocio\Negocio.csproj", "{470986F6-A83F-4E76-8A82-09BDA73C6C30}"
EndProject
Global
	GlobalSection(SolutionConfigurationPlatforms) = preSolution
		Debug|Any CPU = Debug|Any CPU
		Release|Any CPU = Release|Any CPU
	EndGlobalSection
	GlobalSection(ProjectConfigurationPlatforms) = postSolution
		{2E726B33-C37C-4AE9-83E8-C787BABCC8B4}.Debug|Any CPU.ActiveCfg = Debug|Any CPU
		{2E726B33-C37C-4AE9-83E8-C787BABCC8B4}.Debug|Any CPU.Build.0 = Debug|Any CPU
		{2E726B33-C37C-4AE9-83E8-C787BABCC8B4}.Release|Any CPU.ActiveCfg = Release|Any CPU
		{2E726B33-C37C-4AE9-83E8-C787BABCC8B4}.Release|Any CPU.Build.0 = Release|Any CPU
		{65EEB28B-2C42-41F1-A49A-9C41CD470721}.Debug|Any CPU.ActiveCfg = Debug|Any CPU
		{65EEB28B-2C42-41F1-A49A-9C41CD470721}.Debug|Any CPU.Build.0 = Debug|Any CPU
		{65EEB28B-2C42-41F1-A49A-9C41CD470721}.Release|Any CPU.ActiveCfg = Release|Any CPU
		{65EEB28B-2C42-41F1-A49A-9C41CD470721}.Release|Any CPU.Build.0 = Release|Any CPU
		{8DF671DA-04FD-4C8F-82C4-2BC77350D7D5}.Debug|Any CPU.ActiveCfg = Debug|Any CPU
		{8DF671DA-04FD-4C8F-82C4-2BC77350D7D5}.Debug|Any CPU.Build.0 = Debug|Any CPU
		{8DF671DA-04FD-4C8F-82C4-2BC77350D7D5}.Release|Any CPU.ActiveCfg = Release|Any CPU
		{8DF671DA-04FD-4C8F-82C4-2BC77350D7D5}.Release|Any CPU.Build.0 = Release|Any CPU
		{470986F6-A83F-4E76-8A82-09BDA73C6C30}.Debug|Any CPU.ActiveCfg = Debug|Any CPU
		{470986F6-A83F-4E76-8A82-09BDA73C6C30}.Debug|Any CPU.Build.0 = Debug|Any CPU
		{470986F6-A83F-4E76-8A82-09BDA73C6C30}.Release|Any CPU.ActiveCfg = Release|Any CPU
		{470986F6-A83F-4E76-8A82-09BDA73C6C30}.Release|Any CPU.Build.0 = Release|Any CPU
	EndGlobalSection
	GlobalSection(SolutionProperties) = preSolution
		HideSolutionNode = FALSE
	EndGlobalSection
	GlobalSection(ExtensibilityGlobals) = postSolution
		SolutionGuid = {A47EC7C3-72FA-4245-B2EE-C5A8229A5612}
	EndGlobalSection
EndGlobal
